{
  "requires": true,
  "lockfileVersion": 1,
  "dependencies": {
    "lightning-container": {
      "version": "1.0.0",
      "resolved": "https://registry.npmjs.org/lightning-container/-/lightning-container-1.0.0.tgz",
      "integrity": "sha512-H0w3lv09VKMg27mRoTDJz/GKKaiw5CcXm98kb382OGlcUIzA5Tvs/4RQsCwxCGClFW4TVRJgJCyIqCKU5n3Qbg=="
    }
  }
}
